
Microsoft Visual Studio Solution File, Format Version 11.00
# Visual Studio 2010
Project("{FAE04EC0-301F-11D3-BF4B-00C04F79EFBC}") = "Castles", "Castles\Castles.csproj", "{5998AEB9-ED20-4E1E-957B-968E3775FF9E}"
EndProject
Project("{FAE04EC0-301F-11D3-BF4B-00C04F79EFBC}") = "MonoGame.Framework.iOS", "..\MonoGame\MonoGame.Framework\MonoGame.Framework.iOS.csproj", "{DB8508BB-9849-4CC2-BC0F-8EB5DACB3C47}"
EndProject
Project("{FAE04EC0-301F-11D3-BF4B-00C04F79EFBC}") = "Lidgren.Network.iOS", "..\MonoGame\ThirdParty\Lidgren.Network\Lidgren.Network.iOS.csproj", "{734EAA48-F1CA-481A-B391-0285BC0E8B40}"
EndProject
Project("{FAE04EC0-301F-11D3-BF4B-00C04F79EFBC}") = "Farseer Physics XNA IOS", "..\Farseer Physics Engine 3.3.1 Samples XNA\Farseer Physics Engine 3.3.1 Samples XNA\Farseer Physics Engine 3.3 XNA\Farseer Physics XNA IOS.csproj", "{7CBCF359-9701-4CC5-BB5D-1A15A539EDA5}"
EndProject
Project("{FAE04EC0-301F-11D3-BF4B-00C04F79EFBC}") = "DebugViewMonoGameIos", "..\Farseer Physics Engine 3.3.1 Samples XNA\Farseer Physics Engine 3.3.1 Samples XNA\DebugView XNA\DebugViewMonoGameIos.csproj", "{91DB554B-E707-491B-AF73-D173A8374E8F}"
EndProject
Global
	GlobalSection(SolutionConfigurationPlatforms) = preSolution
		Debug|iPhoneSimulator = Debug|iPhoneSimulator
		Release|iPhoneSimulator = Release|iPhoneSimulator
		Debug|iPhone = Debug|iPhone
		Release|iPhone = Release|iPhone
	EndGlobalSection
	GlobalSection(ProjectConfigurationPlatforms) = postSolution
		{5998AEB9-ED20-4E1E-957B-968E3775FF9E}.Debug|iPhone.ActiveCfg = Debug|iPhone
		{5998AEB9-ED20-4E1E-957B-968E3775FF9E}.Debug|iPhone.Build.0 = Debug|iPhone
		{5998AEB9-ED20-4E1E-957B-968E3775FF9E}.Debug|iPhoneSimulator.ActiveCfg = Debug|iPhoneSimulator
		{5998AEB9-ED20-4E1E-957B-968E3775FF9E}.Debug|iPhoneSimulator.Build.0 = Debug|iPhoneSimulator
		{5998AEB9-ED20-4E1E-957B-968E3775FF9E}.Release|iPhone.ActiveCfg = Release|iPhone
		{5998AEB9-ED20-4E1E-957B-968E3775FF9E}.Release|iPhone.Build.0 = Release|iPhone
		{5998AEB9-ED20-4E1E-957B-968E3775FF9E}.Release|iPhoneSimulator.ActiveCfg = Release|iPhoneSimulator
		{5998AEB9-ED20-4E1E-957B-968E3775FF9E}.Release|iPhoneSimulator.Build.0 = Release|iPhoneSimulator
		{734EAA48-F1CA-481A-B391-0285BC0E8B40}.Debug|iPhone.ActiveCfg = Debug|Any CPU
		{734EAA48-F1CA-481A-B391-0285BC0E8B40}.Debug|iPhone.Build.0 = Debug|Any CPU
		{734EAA48-F1CA-481A-B391-0285BC0E8B40}.Debug|iPhoneSimulator.ActiveCfg = Debug|Any CPU
		{734EAA48-F1CA-481A-B391-0285BC0E8B40}.Debug|iPhoneSimulator.Build.0 = Debug|Any CPU
		{734EAA48-F1CA-481A-B391-0285BC0E8B40}.Release|iPhone.ActiveCfg = Release|Any CPU
		{734EAA48-F1CA-481A-B391-0285BC0E8B40}.Release|iPhone.Build.0 = Release|Any CPU
		{734EAA48-F1CA-481A-B391-0285BC0E8B40}.Release|iPhoneSimulator.ActiveCfg = Release|Any CPU
		{734EAA48-F1CA-481A-B391-0285BC0E8B40}.Release|iPhoneSimulator.Build.0 = Release|Any CPU
		{7CBCF359-9701-4CC5-BB5D-1A15A539EDA5}.Debug|iPhone.ActiveCfg = Debug|iPhone
		{7CBCF359-9701-4CC5-BB5D-1A15A539EDA5}.Debug|iPhone.Build.0 = Debug|iPhone
		{7CBCF359-9701-4CC5-BB5D-1A15A539EDA5}.Debug|iPhoneSimulator.ActiveCfg = Debug|iPhoneSimulator
		{7CBCF359-9701-4CC5-BB5D-1A15A539EDA5}.Debug|iPhoneSimulator.Build.0 = Debug|iPhoneSimulator
		{7CBCF359-9701-4CC5-BB5D-1A15A539EDA5}.Release|iPhone.ActiveCfg = Release|iPhone
		{7CBCF359-9701-4CC5-BB5D-1A15A539EDA5}.Release|iPhone.Build.0 = Release|iPhone
		{7CBCF359-9701-4CC5-BB5D-1A15A539EDA5}.Release|iPhoneSimulator.ActiveCfg = Release|iPhoneSimulator
		{7CBCF359-9701-4CC5-BB5D-1A15A539EDA5}.Release|iPhoneSimulator.Build.0 = Release|iPhoneSimulator
		{91DB554B-E707-491B-AF73-D173A8374E8F}.Debug|iPhone.ActiveCfg = Debug|Any CPU
		{91DB554B-E707-491B-AF73-D173A8374E8F}.Debug|iPhone.Build.0 = Debug|Any CPU
		{91DB554B-E707-491B-AF73-D173A8374E8F}.Debug|iPhoneSimulator.ActiveCfg = Debug|Any CPU
		{91DB554B-E707-491B-AF73-D173A8374E8F}.Debug|iPhoneSimulator.Build.0 = Debug|Any CPU
		{91DB554B-E707-491B-AF73-D173A8374E8F}.Release|iPhone.ActiveCfg = Release|Any CPU
		{91DB554B-E707-491B-AF73-D173A8374E8F}.Release|iPhone.Build.0 = Release|Any CPU
		{91DB554B-E707-491B-AF73-D173A8374E8F}.Release|iPhoneSimulator.ActiveCfg = Release|Any CPU
		{91DB554B-E707-491B-AF73-D173A8374E8F}.Release|iPhoneSimulator.Build.0 = Release|Any CPU
		{DB8508BB-9849-4CC2-BC0F-8EB5DACB3C47}.Debug|iPhone.ActiveCfg = Debug|iPhone
		{DB8508BB-9849-4CC2-BC0F-8EB5DACB3C47}.Debug|iPhone.Build.0 = Debug|iPhone
		{DB8508BB-9849-4CC2-BC0F-8EB5DACB3C47}.Debug|iPhoneSimulator.ActiveCfg = Debug|iPhoneSimulator
		{DB8508BB-9849-4CC2-BC0F-8EB5DACB3C47}.Debug|iPhoneSimulator.Build.0 = Debug|iPhoneSimulator
		{DB8508BB-9849-4CC2-BC0F-8EB5DACB3C47}.Release|iPhone.ActiveCfg = Release|iPhone
		{DB8508BB-9849-4CC2-BC0F-8EB5DACB3C47}.Release|iPhone.Build.0 = Release|iPhone
		{DB8508BB-9849-4CC2-BC0F-8EB5DACB3C47}.Release|iPhoneSimulator.ActiveCfg = Release|iPhoneSimulator
		{DB8508BB-9849-4CC2-BC0F-8EB5DACB3C47}.Release|iPhoneSimulator.Build.0 = Release|iPhoneSimulator
	EndGlobalSection
	GlobalSection(MonoDevelopProperties) = preSolution
		StartupItem = Castles\Castles.csproj
	EndGlobalSection
EndGlobal
